Microsoft Visual Studio Solution File, Format Version 12.00
# Visual Studio 15
VisualStudioVersion = 15.0.27004.2006
MinimumVisualStudioVersion = 15.0.26124.0
Project("{9A19103F-16F7-4668-BE54-9A1E7A4F7556}") = "CodingCollective.API", "CodingCollective.API\CodingCollective.API.csproj", "{42076EA5-B32E-4376-AD47-C53500F23DC6}"
EndProject
Project("{9A19103F-16F7-4668-BE54-9A1E7A4F7556}") = "CodingCollective.Backend", "CodingCollective.Backend\CodingCollective.Backend.csproj", "{C3FDF1AF-9967-493B-A1E6-3C557517B5BE}"
EndProject
Project("{9A19103F-16F7-4668-BE54-9A1E7A4F7556}") = "CodingCollective.Web", "CodingCollective.Web\CodingCollective.Web.csproj", "{A5DD0DB6-A3A2-420F-A3A3-7D4A17D9FA6E}"
EndProject
Global
	GlobalSection(SolutionConfigurationPlatforms) = preSolution
		Debug|Any CPU = Debug|Any CPU
		Debug|x64 = Debug|x64
		Debug|x86 = Debug|x86
		Release|Any CPU = Release|Any CPU
		Release|x64 = Release|x64
		Release|x86 = Release|x86
	EndGlobalSection
	GlobalSection(ProjectConfigurationPlatforms) = postSolution
		{42076EA5-B32E-4376-AD47-C53500F23DC6}.Debug|Any CPU.ActiveCfg = Debug|Any CPU
		{42076EA5-B32E-4376-AD47-C53500F23DC6}.Debug|Any CPU.Build.0 = Debug|Any CPU
		{42076EA5-B32E-4376-AD47-C53500F23DC6}.Debug|x64.ActiveCfg = Debug|Any CPU
		{42076EA5-B32E-4376-AD47-C53500F23DC6}.Debug|x64.Build.0 = Debug|Any CPU
		{42076EA5-B32E-4376-AD47-C53500F23DC6}.Debug|x86.ActiveCfg = Debug|Any CPU
		{42076EA5-B32E-4376-AD47-C53500F23DC6}.Debug|x86.Build.0 = Debug|Any CPU
		{42076EA5-B32E-4376-AD47-C53500F23DC6}.Release|Any CPU.ActiveCfg = Release|Any CPU
		{42076EA5-B32E-4376-AD47-C53500F23DC6}.Release|Any CPU.Build.0 = Release|Any CPU
		{42076EA5-B32E-4376-AD47-C53500F23DC6}.Release|x64.ActiveCfg = Release|Any CPU
		{42076EA5-B32E-4376-AD47-C53500F23DC6}.Release|x64.Build.0 = Release|Any CPU
		{42076EA5-B32E-4376-AD47-C53500F23DC6}.Release|x86.ActiveCfg = Release|Any CPU
		{42076EA5-B32E-4376-AD47-C53500F23DC6}.Release|x86.Build.0 = Release|Any CPU
		{C3FDF1AF-9967-493B-A1E6-3C557517B5BE}.Debug|Any CPU.ActiveCfg = Debug|Any CPU
		{C3FDF1AF-9967-493B-A1E6-3C557517B5BE}.Debug|Any CPU.Build.0 = Debug|Any CPU
		{C3FDF1AF-9967-493B-A1E6-3C557517B5BE}.Debug|x64.ActiveCfg = Debug|Any CPU
		{C3FDF1AF-9967-493B-A1E6-3C557517B5BE}.Debug|x64.Build.0 = Debug|Any CPU
		{C3FDF1AF-9967-493B-A1E6-3C557517B5BE}.Debug|x86.ActiveCfg = Debug|Any CPU
		{C3FDF1AF-9967-493B-A1E6-3C557517B5BE}.Debug|x86.Build.0 = Debug|Any CPU
		{C3FDF1AF-9967-493B-A1E6-3C557517B5BE}.Release|Any CPU.ActiveCfg = Release|Any CPU
		{C3FDF1AF-9967-493B-A1E6-3C557517B5BE}.Release|Any CPU.Build.0 = Release|Any CPU
		{C3FDF1AF-9967-493B-A1E6-3C557517B5BE}.Release|x64.ActiveCfg = Release|Any CPU
		{C3FDF1AF-9967-493B-A1E6-3C557517B5BE}.Release|x64.Build.0 = Release|Any CPU
		{C3FDF1AF-9967-493B-A1E6-3C557517B5BE}.Release|x86.ActiveCfg = Release|Any CPU
		{C3FDF1AF-9967-493B-A1E6-3C557517B5BE}.Release|x86.Build.0 = Release|Any CPU
		{A5DD0DB6-A3A2-420F-A3A3-7D4A17D9FA6E}.Debug|Any CPU.ActiveCfg = Debug|Any CPU
		{A5DD0DB6-A3A2-420F-A3A3-7D4A17D9FA6E}.Debug|Any CPU.Build.0 = Debug|Any CPU
		{A5DD0DB6-A3A2-420F-A3A3-7D4A17D9FA6E}.Debug|x64.ActiveCfg = Debug|Any CPU
		{A5DD0DB6-A3A2-420F-A3A3-7D4A17D9FA6E}.Debug|x64.Build.0 = Debug|Any CPU
		{A5DD0DB6-A3A2-420F-A3A3-7D4A17D9FA6E}.Debug|x86.ActiveCfg = Debug|Any CPU
		{A5DD0DB6-A3A2-420F-A3A3-7D4A17D9FA6E}.Debug|x86.Build.0 = Debug|Any CPU
		{A5DD0DB6-A3A2-420F-A3A3-7D4A17D9FA6E}.Release|Any CPU.ActiveCfg = Release|Any CPU
		{A5DD0DB6-A3A2-420F-A3A3-7D4A17D9FA6E}.Release|Any CPU.Build.0 = Release|Any CPU
		{A5DD0DB6-A3A2-420F-A3A3-7D4A17D9FA6E}.Release|x64.ActiveCfg = Release|Any CPU
		{A5DD0DB6-A3A2-420F-A3A3-7D4A17D9FA6E}.Release|x64.Build.0 = Release|Any CPU
		{A5DD0DB6-A3A2-420F-A3A3-7D4A17D9FA6E}.Release|x86.ActiveCfg = Release|Any CPU
		{A5DD0DB6-A3A2-420F-A3A3-7D4A17D9FA6E}.Release|x86.Build.0 = Release|Any CPU
	EndGlobalSection
	GlobalSection(SolutionProperties) = preSolution
		HideSolutionNode = FALSE
	EndGlobalSection
	GlobalSection(ExtensibilityGlobals) = postSolution
		SolutionGuid = {3BE9AD09-5F59-49F3-BC7F-2116242EEF2D}
	EndGlobalSection
EndGlobal
